{
  "name": "my-portfolio",
  "version": "0.1.0",
  "lockfileVersion": 3,
  "requires": true,
  "packages": {
    "": {
      "name": "my-portfolio",
      "version": "0.1.0",
      "dependencies": {
        "react": "^19.2.4",
        "react-dom": "^19.2.4",
        "react-scripts": "5.0.1",
        "web-vitals": "^4.2.4"
      },
      "devDependencies": {
        "@types/node": "^22.13.0",
        "@types/react": "^19.2.14",
        "@types/react-dom": "^19.2.3",
        "typescript": "^5.7.3"
      }
    }
  }
}